<?xml version="1.0" encoding="UTF-8"?>
<CodeBlocks_project_file>
	<FileVersion major="1" minor="6"/>
	<Project>
		<Option title="graphics17a_hw01"/>
		<Option makefile_is_custom="1"/>
		<Option compiler="gcc"/>
		<Option virtualFolders="CMake Files\;"/>
		<Build>
			<Target title="all">
				<Option working_dir="/root/CLionProjects/ComputerGraphics"/>
				<Option type="4"/>
				<MakeCommands>
					<Build command="/usr/bin/make -j4 -f &quot;/root/CLionProjects/ComputerGraphics/Makefile&quot;  VERBOSE=1 all"/>
					<CompileFile command="/usr/bin/make -j4 -f &quot;/root/CLionProjects/ComputerGraphics/Makefile&quot;  VERBOSE=1 &quot;$file&quot;"/>
					<Clean command="/usr/bin/make -j4 -f &quot;/root/CLionProjects/ComputerGraphics/Makefile&quot;  VERBOSE=1 clean"/>
					<DistClean command="/usr/bin/make -j4 -f &quot;/root/CLionProjects/ComputerGraphics/Makefile&quot;  VERBOSE=1 clean"/>
				</MakeCommands>
			</Target>
			<Target title="rebuild_cache">
				<Option working_dir="/root/CLionProjects/ComputerGraphics"/>
				<Option type="4"/>
				<MakeCommands>
					<Build command="/usr/bin/make -j4 -f &quot;/root/CLionProjects/ComputerGraphics/Makefile&quot;  VERBOSE=1 rebuild_cache"/>
					<CompileFile command="/usr/bin/make -j4 -f &quot;/root/CLionProjects/ComputerGraphics/Makefile&quot;  VERBOSE=1 &quot;$file&quot;"/>
					<Clean command="/usr/bin/make -j4 -f &quot;/root/CLionProjects/ComputerGraphics/Makefile&quot;  VERBOSE=1 clean"/>
					<DistClean command="/usr/bin/make -j4 -f &quot;/root/CLionProjects/ComputerGraphics/Makefile&quot;  VERBOSE=1 clean"/>
				</MakeCommands>
			</Target>
			<Target title="compose">
				<Option output="/root/CLionProjects/ComputerGraphics/bin/compose" prefix_auto="0" extension_auto="0"/>
				<Option working_dir="/root/CLionProjects/ComputerGraphics/bin"/>
				<Option object_output="./"/>
				<Option type="1"/>
				<Option compiler="gcc"/>
				<Compiler>
					<Add option="-DYOBJ_NO_IMAGE"/>
					<Add option="-DYGLTF_NO_IMAGE"/>
					<Add directory="/usr/include/c++/5"/>
					<Add directory="/usr/include/x86_64-linux-gnu/c++/5"/>
					<Add directory="/usr/include/c++/5/backward"/>
					<Add directory="/usr/lib/gcc/x86_64-linux-gnu/5/include"/>
					<Add directory="/usr/local/include"/>
					<Add directory="/usr/lib/gcc/x86_64-linux-gnu/5/include-fixed"/>
					<Add directory="/usr/include/x86_64-linux-gnu"/>
					<Add directory="/usr/include"/>
				</Compiler>
				<MakeCommands>
					<Build command="/usr/bin/make -j4 -f &quot;/root/CLionProjects/ComputerGraphics/Makefile&quot;  VERBOSE=1 compose"/>
					<CompileFile command="/usr/bin/make -j4 -f &quot;/root/CLionProjects/ComputerGraphics/Makefile&quot;  VERBOSE=1 &quot;$file&quot;"/>
					<Clean command="/usr/bin/make -j4 -f &quot;/root/CLionProjects/ComputerGraphics/Makefile&quot;  VERBOSE=1 clean"/>
					<DistClean command="/usr/bin/make -j4 -f &quot;/root/CLionProjects/ComputerGraphics/Makefile&quot;  VERBOSE=1 clean"/>
				</MakeCommands>
			</Target>
			<Target title="compose/fast">
				<Option output="/root/CLionProjects/ComputerGraphics/bin/compose" prefix_auto="0" extension_auto="0"/>
				<Option working_dir="/root/CLionProjects/ComputerGraphics/bin"/>
				<Option object_output="./"/>
				<Option type="1"/>
				<Option compiler="gcc"/>
				<Compiler>
					<Add option="-DYOBJ_NO_IMAGE"/>
					<Add option="-DYGLTF_NO_IMAGE"/>
					<Add directory="/usr/include/c++/5"/>
					<Add directory="/usr/include/x86_64-linux-gnu/c++/5"/>
					<Add directory="/usr/include/c++/5/backward"/>
					<Add directory="/usr/lib/gcc/x86_64-linux-gnu/5/include"/>
					<Add directory="/usr/local/include"/>
					<Add directory="/usr/lib/gcc/x86_64-linux-gnu/5/include-fixed"/>
					<Add directory="/usr/include/x86_64-linux-gnu"/>
					<Add directory="/usr/include"/>
				</Compiler>
				<MakeCommands>
					<Build command="/usr/bin/make -j4 -f &quot;/root/CLionProjects/ComputerGraphics/Makefile&quot;  VERBOSE=1 compose/fast"/>
					<CompileFile command="/usr/bin/make -j4 -f &quot;/root/CLionProjects/ComputerGraphics/Makefile&quot;  VERBOSE=1 &quot;$file&quot;"/>
					<Clean command="/usr/bin/make -j4 -f &quot;/root/CLionProjects/ComputerGraphics/Makefile&quot;  VERBOSE=1 clean"/>
					<DistClean command="/usr/bin/make -j4 -f &quot;/root/CLionProjects/ComputerGraphics/Makefile&quot;  VERBOSE=1 clean"/>
				</MakeCommands>
			</Target>
			<Target title="edit_cache">
				<Option working_dir="/root/CLionProjects/ComputerGraphics"/>
				<Option type="4"/>
				<MakeCommands>
					<Build command="/usr/bin/make -j4 -f &quot;/root/CLionProjects/ComputerGraphics/Makefile&quot;  VERBOSE=1 edit_cache"/>
					<CompileFile command="/usr/bin/make -j4 -f &quot;/root/CLionProjects/ComputerGraphics/Makefile&quot;  VERBOSE=1 &quot;$file&quot;"/>
					<Clean command="/usr/bin/make -j4 -f &quot;/root/CLionProjects/ComputerGraphics/Makefile&quot;  VERBOSE=1 clean"/>
					<DistClean command="/usr/bin/make -j4 -f &quot;/root/CLionProjects/ComputerGraphics/Makefile&quot;  VERBOSE=1 clean"/>
				</MakeCommands>
			</Target>
			<Target title="tonemap">
				<Option output="/root/CLionProjects/ComputerGraphics/bin/tonemap" prefix_auto="0" extension_auto="0"/>
				<Option working_dir="/root/CLionProjects/ComputerGraphics/bin"/>
				<Option object_output="./"/>
				<Option type="1"/>
				<Option compiler="gcc"/>
				<Compiler>
					<Add option="-DYOBJ_NO_IMAGE"/>
					<Add option="-DYGLTF_NO_IMAGE"/>
					<Add directory="/usr/include/c++/5"/>
					<Add directory="/usr/include/x86_64-linux-gnu/c++/5"/>
					<Add directory="/usr/include/c++/5/backward"/>
					<Add directory="/usr/lib/gcc/x86_64-linux-gnu/5/include"/>
					<Add directory="/usr/local/include"/>
					<Add directory="/usr/lib/gcc/x86_64-linux-gnu/5/include-fixed"/>
					<Add directory="/usr/include/x86_64-linux-gnu"/>
					<Add directory="/usr/include"/>
				</Compiler>
				<MakeCommands>
					<Build command="/usr/bin/make -j4 -f &quot;/root/CLionProjects/ComputerGraphics/Makefile&quot;  VERBOSE=1 tonemap"/>
					<CompileFile command="/usr/bin/make -j4 -f &quot;/root/CLionProjects/ComputerGraphics/Makefile&quot;  VERBOSE=1 &quot;$file&quot;"/>
					<Clean command="/usr/bin/make -j4 -f &quot;/root/CLionProjects/ComputerGraphics/Makefile&quot;  VERBOSE=1 clean"/>
					<DistClean command="/usr/bin/make -j4 -f &quot;/root/CLionProjects/ComputerGraphics/Makefile&quot;  VERBOSE=1 clean"/>
				</MakeCommands>
			</Target>
			<Target title="tonemap/fast">
				<Option output="/root/CLionProjects/ComputerGraphics/bin/tonemap" prefix_auto="0" extension_auto="0"/>
				<Option working_dir="/root/CLionProjects/ComputerGraphics/bin"/>
				<Option object_output="./"/>
				<Option type="1"/>
				<Option compiler="gcc"/>
				<Compiler>
					<Add option="-DYOBJ_NO_IMAGE"/>
					<Add option="-DYGLTF_NO_IMAGE"/>
					<Add directory="/usr/include/c++/5"/>
					<Add directory="/usr/include/x86_64-linux-gnu/c++/5"/>
					<Add directory="/usr/include/c++/5/backward"/>
					<Add directory="/usr/lib/gcc/x86_64-linux-gnu/5/include"/>
					<Add directory="/usr/local/include"/>
					<Add directory="/usr/lib/gcc/x86_64-linux-gnu/5/include-fixed"/>
					<Add directory="/usr/include/x86_64-linux-gnu"/>
					<Add directory="/usr/include"/>
				</Compiler>
				<MakeCommands>
					<Build command="/usr/bin/make -j4 -f &quot;/root/CLionProjects/ComputerGraphics/Makefile&quot;  VERBOSE=1 tonemap/fast"/>
					<CompileFile command="/usr/bin/make -j4 -f &quot;/root/CLionProjects/ComputerGraphics/Makefile&quot;  VERBOSE=1 &quot;$file&quot;"/>
					<Clean command="/usr/bin/make -j4 -f &quot;/root/CLionProjects/ComputerGraphics/Makefile&quot;  VERBOSE=1 clean"/>
					<DistClean command="/usr/bin/make -j4 -f &quot;/root/CLionProjects/ComputerGraphics/Makefile&quot;  VERBOSE=1 clean"/>
				</MakeCommands>
			</Target>
			<Target title="hwlib">
				<Option output="/root/CLionProjects/ComputerGraphics/bin/libhwlib.a" prefix_auto="0" extension_auto="0"/>
				<Option working_dir="/root/CLionProjects/ComputerGraphics"/>
				<Option object_output="./"/>
				<Option type="2"/>
				<Option compiler="gcc"/>
				<Compiler>
					<Add option="-DYOBJ_NO_IMAGE"/>
					<Add option="-DYGLTF_NO_IMAGE"/>
					<Add directory="/usr/include/c++/5"/>
					<Add directory="/usr/include/x86_64-linux-gnu/c++/5"/>
					<Add directory="/usr/include/c++/5/backward"/>
					<Add directory="/usr/lib/gcc/x86_64-linux-gnu/5/include"/>
					<Add directory="/usr/local/include"/>
					<Add directory="/usr/lib/gcc/x86_64-linux-gnu/5/include-fixed"/>
					<Add directory="/usr/include/x86_64-linux-gnu"/>
					<Add directory="/usr/include"/>
				</Compiler>
				<MakeCommands>
					<Build command="/usr/bin/make -j4 -f &quot;/root/CLionProjects/ComputerGraphics/Makefile&quot;  VERBOSE=1 hwlib"/>
					<CompileFile command="/usr/bin/make -j4 -f &quot;/root/CLionProjects/ComputerGraphics/Makefile&quot;  VERBOSE=1 &quot;$file&quot;"/>
					<Clean command="/usr/bin/make -j4 -f &quot;/root/CLionProjects/ComputerGraphics/Makefile&quot;  VERBOSE=1 clean"/>
					<DistClean command="/usr/bin/make -j4 -f &quot;/root/CLionProjects/ComputerGraphics/Makefile&quot;  VERBOSE=1 clean"/>
				</MakeCommands>
			</Target>
			<Target title="hwlib/fast">
				<Option output="/root/CLionProjects/ComputerGraphics/bin/libhwlib.a" prefix_auto="0" extension_auto="0"/>
				<Option working_dir="/root/CLionProjects/ComputerGraphics"/>
				<Option object_output="./"/>
				<Option type="2"/>
				<Option compiler="gcc"/>
				<Compiler>
					<Add option="-DYOBJ_NO_IMAGE"/>
					<Add option="-DYGLTF_NO_IMAGE"/>
					<Add directory="/usr/include/c++/5"/>
					<Add directory="/usr/include/x86_64-linux-gnu/c++/5"/>
					<Add directory="/usr/include/c++/5/backward"/>
					<Add directory="/usr/lib/gcc/x86_64-linux-gnu/5/include"/>
					<Add directory="/usr/local/include"/>
					<Add directory="/usr/lib/gcc/x86_64-linux-gnu/5/include-fixed"/>
					<Add directory="/usr/include/x86_64-linux-gnu"/>
					<Add directory="/usr/include"/>
				</Compiler>
				<MakeCommands>
					<Build command="/usr/bin/make -j4 -f &quot;/root/CLionProjects/ComputerGraphics/Makefile&quot;  VERBOSE=1 hwlib/fast"/>
					<CompileFile command="/usr/bin/make -j4 -f &quot;/root/CLionProjects/ComputerGraphics/Makefile&quot;  VERBOSE=1 &quot;$file&quot;"/>
					<Clean command="/usr/bin/make -j4 -f &quot;/root/CLionProjects/ComputerGraphics/Makefile&quot;  VERBOSE=1 clean"/>
					<DistClean command="/usr/bin/make -j4 -f &quot;/root/CLionProjects/ComputerGraphics/Makefile&quot;  VERBOSE=1 clean"/>
				</MakeCommands>
			</Target>
		</Build>
		<Unit filename="/root/CLionProjects/ComputerGraphics/src/compose.cpp">
			<Option target="compose"/>
		</Unit>
		<Unit filename="/root/CLionProjects/ComputerGraphics/src/image.cpp">
			<Option target="hwlib"/>
		</Unit>
		<Unit filename="/root/CLionProjects/ComputerGraphics/src/image.h">
			<Option target="hwlib"/>
		</Unit>
		<Unit filename="/root/CLionProjects/ComputerGraphics/src/stb_image.h">
			<Option target="hwlib"/>
		</Unit>
		<Unit filename="/root/CLionProjects/ComputerGraphics/src/stb_image_write.h">
			<Option target="hwlib"/>
		</Unit>
		<Unit filename="/root/CLionProjects/ComputerGraphics/src/tonemap.cpp">
			<Option target="tonemap"/>
		</Unit>
		<Unit filename="/root/CLionProjects/ComputerGraphics/src/vmath.h">
			<Option target="hwlib"/>
		</Unit>
		<Unit filename="/root/CLionProjects/ComputerGraphics/src/yocto_utils.h">
			<Option target="hwlib"/>
		</Unit>
		<Unit filename="/root/CLionProjects/ComputerGraphics/CMakeLists.txt">
			<Option virtualFolder="CMake Files\"/>
		</Unit>
	</Project>
</CodeBlocks_project_file>
